
Microsoft Visual Studio Solution File, Format Version 12.00
Project("{FAE04EC0-301F-11D3-BF4B-00C04F79EFBC}") = "PO2-projekt", "PO2-projekt\PO2-projekt.csproj", "{912555E4-758F-4A9F-8508-6B253C0548BB}"
EndProject
Global
	GlobalSection(SolutionConfigurationPlatforms) = preSolution
		Debug|Any CPU = Debug|Any CPU
		Release|Any CPU = Release|Any CPU
	EndGlobalSection
	GlobalSection(ProjectConfigurationPlatforms) = postSolution
		{912555E4-758F-4A9F-8508-6B253C0548BB}.Debug|Any CPU.ActiveCfg = Debug|Any CPU
		{912555E4-758F-4A9F-8508-6B253C0548BB}.Debug|Any CPU.Build.0 = Debug|Any CPU
		{912555E4-758F-4A9F-8508-6B253C0548BB}.Release|Any CPU.ActiveCfg = Release|Any CPU
		{912555E4-758F-4A9F-8508-6B253C0548BB}.Release|Any CPU.Build.0 = Release|Any CPU
	EndGlobalSection
EndGlobal
